
Microsoft Visual Studio Solution File, Format Version 12.00
# Visual Studio Version 17
VisualStudioVersion = 17.3.32825.248
MinimumVisualStudioVersion = 10.0.40219.1
Project("{9A19103F-16F7-4668-BE54-9A1E7A4F7556}") = "POSSystem", "POSSystem\POSSystem.csproj", "{37870C61-0AE2-471A-BF01-6A5776284514}"
EndProject
Project("{9A19103F-16F7-4668-BE54-9A1E7A4F7556}") = "POSBase", "POSBase\POSBase.csproj", "{AD7B7227-F227-43E7-9FF9-F470B6B5CAAC}"
EndProject
Project("{9A19103F-16F7-4668-BE54-9A1E7A4F7556}") = "BL", "BL\BL.csproj", "{B4ADEC3B-52FE-47EC-A961-29B4483255F6}"
EndProject
Project("{9A19103F-16F7-4668-BE54-9A1E7A4F7556}") = "Entity", "Entity\Entity.csproj", "{D081B0A5-D44C-43B6-AE3C-774FDC9CB808}"
EndProject
Project("{9A19103F-16F7-4668-BE54-9A1E7A4F7556}") = "POS_Control", "POS_Control\POS_Control.csproj", "{C7EE0262-6350-4BC8-A386-F3B644005954}"
EndProject
Project("{9A19103F-16F7-4668-BE54-9A1E7A4F7556}") = "POSMenu", "POSMenu\POSMenu.csproj", "{CBE654F1-4E36-409C-9A30-A628E3AB2B5E}"
EndProject
Project("{9A19103F-16F7-4668-BE54-9A1E7A4F7556}") = "Category", "Category\Category.csproj", "{2C620466-8905-4F38-B9A1-D72A7E0474EB}"
EndProject
Project("{9A19103F-16F7-4668-BE54-9A1E7A4F7556}") = "SubCategory", "SubCategory\SubCategory.csproj", "{21DB1DDD-A294-4197-893A-945B067B215D}"
EndProject
Project("{9A19103F-16F7-4668-BE54-9A1E7A4F7556}") = "POS_Search", "POS_Search\POS_Search.csproj", "{CEADFC55-792F-47CD-9290-979D2B0F13D4}"
EndProject
Project("{9A19103F-16F7-4668-BE54-9A1E7A4F7556}") = "Supplier", "Supplier\Supplier.csproj", "{83B63650-7A5C-49C4-9C70-1CDFBA3C0DED}"
EndProject
Project("{9A19103F-16F7-4668-BE54-9A1E7A4F7556}") = "StockItem", "StockItem\StockItem.csproj", "{83EFB390-5234-4594-8690-53F9D74C98EB}"
EndProject
Project("{FAE04EC0-301F-11D3-BF4B-00C04F79EFBC}") = "PackagingType", "PackagingType\PackagingType.csproj", "{E9BEFB91-E496-4EBA-A776-0E1BCE99A19E}"
EndProject
Project("{FAE04EC0-301F-11D3-BF4B-00C04F79EFBC}") = "StockPackaging", "StockPackaging\StockPackaging.csproj", "{71D9C04B-A1CC-4C9B-BFC8-A491F62B65DF}"
EndProject
Global
	GlobalSection(SolutionConfigurationPlatforms) = preSolution
		Debug|Any CPU = Debug|Any CPU
		Release|Any CPU = Release|Any CPU
	EndGlobalSection
	GlobalSection(ProjectConfigurationPlatforms) = postSolution
		{37870C61-0AE2-471A-BF01-6A5776284514}.Debug|Any CPU.ActiveCfg = Debug|Any CPU
		{37870C61-0AE2-471A-BF01-6A5776284514}.Debug|Any CPU.Build.0 = Debug|Any CPU
		{37870C61-0AE2-471A-BF01-6A5776284514}.Release|Any CPU.ActiveCfg = Release|Any CPU
		{37870C61-0AE2-471A-BF01-6A5776284514}.Release|Any CPU.Build.0 = Release|Any CPU
		{AD7B7227-F227-43E7-9FF9-F470B6B5CAAC}.Debug|Any CPU.ActiveCfg = Debug|Any CPU
		{AD7B7227-F227-43E7-9FF9-F470B6B5CAAC}.Debug|Any CPU.Build.0 = Debug|Any CPU
		{AD7B7227-F227-43E7-9FF9-F470B6B5CAAC}.Release|Any CPU.ActiveCfg = Release|Any CPU
		{AD7B7227-F227-43E7-9FF9-F470B6B5CAAC}.Release|Any CPU.Build.0 = Release|Any CPU
		{B4ADEC3B-52FE-47EC-A961-29B4483255F6}.Debug|Any CPU.ActiveCfg = Debug|Any CPU
		{B4ADEC3B-52FE-47EC-A961-29B4483255F6}.Debug|Any CPU.Build.0 = Debug|Any CPU
		{B4ADEC3B-52FE-47EC-A961-29B4483255F6}.Release|Any CPU.ActiveCfg = Release|Any CPU
		{B4ADEC3B-52FE-47EC-A961-29B4483255F6}.Release|Any CPU.Build.0 = Release|Any CPU
		{D081B0A5-D44C-43B6-AE3C-774FDC9CB808}.Debug|Any CPU.ActiveCfg = Debug|Any CPU
		{D081B0A5-D44C-43B6-AE3C-774FDC9CB808}.Debug|Any CPU.Build.0 = Debug|Any CPU
		{D081B0A5-D44C-43B6-AE3C-774FDC9CB808}.Release|Any CPU.ActiveCfg = Release|Any CPU
		{D081B0A5-D44C-43B6-AE3C-774FDC9CB808}.Release|Any CPU.Build.0 = Release|Any CPU
		{C7EE0262-6350-4BC8-A386-F3B644005954}.Debug|Any CPU.ActiveCfg = Debug|Any CPU
		{C7EE0262-6350-4BC8-A386-F3B644005954}.Debug|Any CPU.Build.0 = Debug|Any CPU
		{C7EE0262-6350-4BC8-A386-F3B644005954}.Release|Any CPU.ActiveCfg = Release|Any CPU
		{C7EE0262-6350-4BC8-A386-F3B644005954}.Release|Any CPU.Build.0 = Release|Any CPU
		{CBE654F1-4E36-409C-9A30-A628E3AB2B5E}.Debug|Any CPU.ActiveCfg = Debug|Any CPU
		{CBE654F1-4E36-409C-9A30-A628E3AB2B5E}.Debug|Any CPU.Build.0 = Debug|Any CPU
		{CBE654F1-4E36-409C-9A30-A628E3AB2B5E}.Release|Any CPU.ActiveCfg = Release|Any CPU
		{CBE654F1-4E36-409C-9A30-A628E3AB2B5E}.Release|Any CPU.Build.0 = Release|Any CPU
		{2C620466-8905-4F38-B9A1-D72A7E0474EB}.Debug|Any CPU.ActiveCfg = Debug|Any CPU
		{2C620466-8905-4F38-B9A1-D72A7E0474EB}.Debug|Any CPU.Build.0 = Debug|Any CPU
		{2C620466-8905-4F38-B9A1-D72A7E0474EB}.Release|Any CPU.ActiveCfg = Release|Any CPU
		{2C620466-8905-4F38-B9A1-D72A7E0474EB}.Release|Any CPU.Build.0 = Release|Any CPU
		{21DB1DDD-A294-4197-893A-945B067B215D}.Debug|Any CPU.ActiveCfg = Debug|Any CPU
		{21DB1DDD-A294-4197-893A-945B067B215D}.Debug|Any CPU.Build.0 = Debug|Any CPU
		{21DB1DDD-A294-4197-893A-945B067B215D}.Release|Any CPU.ActiveCfg = Release|Any CPU
		{21DB1DDD-A294-4197-893A-945B067B215D}.Release|Any CPU.Build.0 = Release|Any CPU
		{CEADFC55-792F-47CD-9290-979D2B0F13D4}.Debug|Any CPU.ActiveCfg = Debug|Any CPU
		{CEADFC55-792F-47CD-9290-979D2B0F13D4}.Debug|Any CPU.Build.0 = Debug|Any CPU
		{CEADFC55-792F-47CD-9290-979D2B0F13D4}.Release|Any CPU.ActiveCfg = Release|Any CPU
		{CEADFC55-792F-47CD-9290-979D2B0F13D4}.Release|Any CPU.Build.0 = Release|Any CPU
		{83B63650-7A5C-49C4-9C70-1CDFBA3C0DED}.Debug|Any CPU.ActiveCfg = Debug|Any CPU
		{83B63650-7A5C-49C4-9C70-1CDFBA3C0DED}.Debug|Any CPU.Build.0 = Debug|Any CPU
		{83B63650-7A5C-49C4-9C70-1CDFBA3C0DED}.Release|Any CPU.ActiveCfg = Release|Any CPU
		{83B63650-7A5C-49C4-9C70-1CDFBA3C0DED}.Release|Any CPU.Build.0 = Release|Any CPU
		{83EFB390-5234-4594-8690-53F9D74C98EB}.Debug|Any CPU.ActiveCfg = Debug|Any CPU
		{83EFB390-5234-4594-8690-53F9D74C98EB}.Debug|Any CPU.Build.0 = Debug|Any CPU
		{83EFB390-5234-4594-8690-53F9D74C98EB}.Release|Any CPU.ActiveCfg = Release|Any CPU
		{83EFB390-5234-4594-8690-53F9D74C98EB}.Release|Any CPU.Build.0 = Release|Any CPU
		{E9BEFB91-E496-4EBA-A776-0E1BCE99A19E}.Debug|Any CPU.ActiveCfg = Debug|Any CPU
		{E9BEFB91-E496-4EBA-A776-0E1BCE99A19E}.Debug|Any CPU.Build.0 = Debug|Any CPU
		{E9BEFB91-E496-4EBA-A776-0E1BCE99A19E}.Release|Any CPU.ActiveCfg = Release|Any CPU
		{E9BEFB91-E496-4EBA-A776-0E1BCE99A19E}.Release|Any CPU.Build.0 = Release|Any CPU
		{71D9C04B-A1CC-4C9B-BFC8-A491F62B65DF}.Debug|Any CPU.ActiveCfg = Debug|Any CPU
		{71D9C04B-A1CC-4C9B-BFC8-A491F62B65DF}.Debug|Any CPU.Build.0 = Debug|Any CPU
		{71D9C04B-A1CC-4C9B-BFC8-A491F62B65DF}.Release|Any CPU.ActiveCfg = Release|Any CPU
		{71D9C04B-A1CC-4C9B-BFC8-A491F62B65DF}.Release|Any CPU.Build.0 = Release|Any CPU
	EndGlobalSection
	GlobalSection(SolutionProperties) = preSolution
		HideSolutionNode = FALSE
	EndGlobalSection
	GlobalSection(ExtensibilityGlobals) = postSolution
		SolutionGuid = {8668F75D-1340-464F-84F3-BE6436E0A955}
	EndGlobalSection
EndGlobal
